{
  "name": "RTYPE",
  "lockfileVersion": 3,
  "requires": true,
  "packages": {
    "": {
      "devDependencies": {
        "@jothepro/doxygen-awesome-css": "github:jothepro/doxygen-awesome-css#v2.3.1"
      }
    },
    "node_modules/@jothepro/doxygen-awesome-css": {
      "version": "2.3.1",
      "resolved": "git+ssh://git@github.com/jothepro/doxygen-awesome-css.git#df88fe4fdd97714fadfd3ef17de0b4401f804052",
      "dev": true,
      "license": "MIT"
    }
  }
}
